
Microsoft Visual Studio Solution File, Format Version 12.00
# Visual Studio Version 16
VisualStudioVersion = 16.0.29503.13
MinimumVisualStudioVersion = 10.0.40219.1
Project("{FAE04EC0-301F-11D3-BF4B-00C04F79EFBC}") = "HospitalManagementSystem", "HospitalManagementSystem.csproj", "{695DC489-AC68-4C87-A9E8-937EA83905F4}"
EndProject
Global
	GlobalSection(SolutionConfigurationPlatforms) = preSolution
		Debug|Any CPU = Debug|Any CPU
		Release|Any CPU = Release|Any CPU
	EndGlobalSection
	GlobalSection(ProjectConfigurationPlatforms) = postSolution
		{695DC489-AC68-4C87-A9E8-937EA83905F4}.Debug|Any CPU.ActiveCfg = Debug|Any CPU
		{695DC489-AC68-4C87-A9E8-937EA83905F4}.Debug|Any CPU.Build.0 = Debug|Any CPU
		{695DC489-AC68-4C87-A9E8-937EA83905F4}.Release|Any CPU.ActiveCfg = Release|Any CPU
		{695DC489-AC68-4C87-A9E8-937EA83905F4}.Release|Any CPU.Build.0 = Release|Any CPU
	EndGlobalSection
	GlobalSection(SolutionProperties) = preSolution
		HideSolutionNode = FALSE
	EndGlobalSection
	GlobalSection(ExtensibilityGlobals) = postSolution
		SolutionGuid = {BAE361DB-1968-460C-A68C-1ED8FBC37131}
	EndGlobalSection
EndGlobal
